
Microsoft Visual Studio Solution File, Format Version 12.00
# Visual Studio Version 16
VisualStudioVersion = 16.0.29806.167
MinimumVisualStudioVersion = 10.0.40219.1
Project("{9A19103F-16F7-4668-BE54-9A1E7A4F7556}") = "Arrays", "Arrays\Arrays.csproj", "{7BA8FCCF-88D3-4503-B96C-89F761BB28CF}"
EndProject
Project("{9A19103F-16F7-4668-BE54-9A1E7A4F7556}") = "C sharp learning", "C sharp learning\C sharp learning.csproj", "{ECA4A657-794C-49C7-938F-D8556B8FC876}"
EndProject
Project("{9A19103F-16F7-4668-BE54-9A1E7A4F7556}") = "Class 1", "Class 1\Class 1.csproj", "{EA156C7C-1547-4128-B9DE-F722E5640B47}"
EndProject
Project("{9A19103F-16F7-4668-BE54-9A1E7A4F7556}") = "Nested loops", "Nested loops\Nested loops.csproj", "{B7465C13-2A14-4C8C-853C-3DE624329173}"
EndProject
Project("{9A19103F-16F7-4668-BE54-9A1E7A4F7556}") = "odd and even", "odd and even\odd and even.csproj", "{ACECA43C-8D3B-4784-87CE-A864604CB7A3}"
EndProject
Project("{9A19103F-16F7-4668-BE54-9A1E7A4F7556}") = "Structure", "Structure\Structure.csproj", "{8A918011-5803-4B5C-B2B6-A940BF3A682E}"
EndProject
Project("{9A19103F-16F7-4668-BE54-9A1E7A4F7556}") = "functions", "functions\functions.csproj", "{6F0421B2-199F-4872-9ED5-AE79DC631902}"
EndProject
Project("{9A19103F-16F7-4668-BE54-9A1E7A4F7556}") = "Properties", "Properties\Properties.csproj", "{DA70F4AA-9211-4D88-B19B-A579FAFFD970}"
EndProject
Project("{9A19103F-16F7-4668-BE54-9A1E7A4F7556}") = "Overload", "Overload\Overload.csproj", "{922E99EC-2A6C-40C3-9EC5-7A0CF7935D65}"
EndProject
Project("{9A19103F-16F7-4668-BE54-9A1E7A4F7556}") = "Inheritance and polyformism", "Inheritance and polyformism\Inheritance and polyformism.csproj", "{16877B9A-436F-4D55-81A2-5DAFC6BB1264}"
EndProject
Project("{9A19103F-16F7-4668-BE54-9A1E7A4F7556}") = "Generics", "Generics\Generics.csproj", "{837FE17D-12CC-4976-96FD-06A97FD4DFBA}"
EndProject
Project("{9A19103F-16F7-4668-BE54-9A1E7A4F7556}") = "Interface", "Interface\Interface.csproj", "{92977BCF-9772-4B98-8343-4FD3928A87FB}"
EndProject
Project("{9A19103F-16F7-4668-BE54-9A1E7A4F7556}") = "Delegates", "Delegates\Delegates.csproj", "{F9EB9087-2D28-4E4C-BA62-F53B062C4AFE}"
EndProject
Project("{9A19103F-16F7-4668-BE54-9A1E7A4F7556}") = "Checking", "Checking\Checking.csproj", "{86BE24D7-2AAF-46CE-8E1D-3FF6EDDFC51A}"
EndProject
Project("{9A19103F-16F7-4668-BE54-9A1E7A4F7556}") = "Events", "Events\Events.csproj", "{53087549-AB11-4D3C-8337-4530F87D1110}"
EndProject
Project("{9A19103F-16F7-4668-BE54-9A1E7A4F7556}") = "Work with strings", "Work with strings\Work with strings.csproj", "{16A2702E-17B7-4AB9-8495-4B1A6264D559}"
EndProject
Project("{9A19103F-16F7-4668-BE54-9A1E7A4F7556}") = "Threads", "Threads\Threads.csproj", "{72730EBA-4BE1-446E-9402-410AD22E445A}"
EndProject
Project("{9A19103F-16F7-4668-BE54-9A1E7A4F7556}") = "Thread lock", "Thread lock\Thread lock.csproj", "{5474404F-A7EC-4151-AC67-BA52AB0B37F2}"
EndProject
Project("{9A19103F-16F7-4668-BE54-9A1E7A4F7556}") = "Semaphores and Threads", "Semaphores and Threads\Semaphores and Threads.csproj", "{8AC8A5E8-4019-4D32-97B3-7D985D2E531A}"
EndProject
Project("{9A19103F-16F7-4668-BE54-9A1E7A4F7556}") = "Task", "Task\Task.csproj", "{5F43AD69-C3DE-4C72-AAEC-CA3DDD29A511}"
EndProject
Project("{9A19103F-16F7-4668-BE54-9A1E7A4F7556}") = "Class Parallel", "Class Parallel\Class Parallel.csproj", "{05A37025-29E8-445F-86B0-FD2F30F32C05}"
EndProject
Project("{9A19103F-16F7-4668-BE54-9A1E7A4F7556}") = "Async Await", "Async Await\Async Await.csproj", "{255FC9AF-C5EB-40BB-A185-24A37CF0037A}"
EndProject
Project("{9A19103F-16F7-4668-BE54-9A1E7A4F7556}") = "UseLinq", "UseLinq\UseLinq.csproj", "{330ABE0F-4DA8-49E2-8464-210EA065BCCC}"
EndProject
Project("{9A19103F-16F7-4668-BE54-9A1E7A4F7556}") = "Work with bits", "Work with bits\Work with bits.csproj", "{3F9BA19E-61B8-4846-A50C-CE0F1DAE9C55}"
EndProject
Project("{9A19103F-16F7-4668-BE54-9A1E7A4F7556}") = "Patterns", "Patterns\Patterns.csproj", "{524B8449-273F-4AE3-882E-D484138DBD8A}"
EndProject
Project("{9A19103F-16F7-4668-BE54-9A1E7A4F7556}") = "Postgresql", "Postgresql\Postgresql.csproj", "{96EE1CE4-B650-470F-AA38-AA9037440125}"
EndProject
Project("{9A19103F-16F7-4668-BE54-9A1E7A4F7556}") = "oracle_backend", "oracle_backend\oracle_backend.csproj", "{9581829C-E458-496A-9DF6-5489B17888F0}"
EndProject
Project("{FAE04EC0-301F-11D3-BF4B-00C04F79EFBC}") = "ACheck", "ACheck\ACheck.csproj", "{77210036-7054-455B-8331-D84CBC69F6DA}"
EndProject
Global
	GlobalSection(SolutionConfigurationPlatforms) = preSolution
		Debug|Any CPU = Debug|Any CPU
		Release|Any CPU = Release|Any CPU
	EndGlobalSection
	GlobalSection(ProjectConfigurationPlatforms) = postSolution
		{7BA8FCCF-88D3-4503-B96C-89F761BB28CF}.Debug|Any CPU.ActiveCfg = Debug|Any CPU
		{7BA8FCCF-88D3-4503-B96C-89F761BB28CF}.Debug|Any CPU.Build.0 = Debug|Any CPU
		{7BA8FCCF-88D3-4503-B96C-89F761BB28CF}.Release|Any CPU.ActiveCfg = Release|Any CPU
		{7BA8FCCF-88D3-4503-B96C-89F761BB28CF}.Release|Any CPU.Build.0 = Release|Any CPU
		{ECA4A657-794C-49C7-938F-D8556B8FC876}.Debug|Any CPU.ActiveCfg = Debug|Any CPU
		{ECA4A657-794C-49C7-938F-D8556B8FC876}.Debug|Any CPU.Build.0 = Debug|Any CPU
		{ECA4A657-794C-49C7-938F-D8556B8FC876}.Release|Any CPU.ActiveCfg = Release|Any CPU
		{ECA4A657-794C-49C7-938F-D8556B8FC876}.Release|Any CPU.Build.0 = Release|Any CPU
		{EA156C7C-1547-4128-B9DE-F722E5640B47}.Debug|Any CPU.ActiveCfg = Debug|Any CPU
		{EA156C7C-1547-4128-B9DE-F722E5640B47}.Debug|Any CPU.Build.0 = Debug|Any CPU
		{EA156C7C-1547-4128-B9DE-F722E5640B47}.Release|Any CPU.ActiveCfg = Release|Any CPU
		{EA156C7C-1547-4128-B9DE-F722E5640B47}.Release|Any CPU.Build.0 = Release|Any CPU
		{B7465C13-2A14-4C8C-853C-3DE624329173}.Debug|Any CPU.ActiveCfg = Debug|Any CPU
		{B7465C13-2A14-4C8C-853C-3DE624329173}.Debug|Any CPU.Build.0 = Debug|Any CPU
		{B7465C13-2A14-4C8C-853C-3DE624329173}.Release|Any CPU.ActiveCfg = Release|Any CPU
		{B7465C13-2A14-4C8C-853C-3DE624329173}.Release|Any CPU.Build.0 = Release|Any CPU
		{ACECA43C-8D3B-4784-87CE-A864604CB7A3}.Debug|Any CPU.ActiveCfg = Debug|Any CPU
		{ACECA43C-8D3B-4784-87CE-A864604CB7A3}.Debug|Any CPU.Build.0 = Debug|Any CPU
		{ACECA43C-8D3B-4784-87CE-A864604CB7A3}.Release|Any CPU.ActiveCfg = Release|Any CPU
		{ACECA43C-8D3B-4784-87CE-A864604CB7A3}.Release|Any CPU.Build.0 = Release|Any CPU
		{8A918011-5803-4B5C-B2B6-A940BF3A682E}.Debug|Any CPU.ActiveCfg = Debug|Any CPU
		{8A918011-5803-4B5C-B2B6-A940BF3A682E}.Debug|Any CPU.Build.0 = Debug|Any CPU
		{8A918011-5803-4B5C-B2B6-A940BF3A682E}.Release|Any CPU.ActiveCfg = Release|Any CPU
		{8A918011-5803-4B5C-B2B6-A940BF3A682E}.Release|Any CPU.Build.0 = Release|Any CPU
		{6F0421B2-199F-4872-9ED5-AE79DC631902}.Debug|Any CPU.ActiveCfg = Debug|Any CPU
		{6F0421B2-199F-4872-9ED5-AE79DC631902}.Debug|Any CPU.Build.0 = Debug|Any CPU
		{6F0421B2-199F-4872-9ED5-AE79DC631902}.Release|Any CPU.ActiveCfg = Release|Any CPU
		{6F0421B2-199F-4872-9ED5-AE79DC631902}.Release|Any CPU.Build.0 = Release|Any CPU
		{DA70F4AA-9211-4D88-B19B-A579FAFFD970}.Debug|Any CPU.ActiveCfg = Debug|Any CPU
		{DA70F4AA-9211-4D88-B19B-A579FAFFD970}.Debug|Any CPU.Build.0 = Debug|Any CPU
		{DA70F4AA-9211-4D88-B19B-A579FAFFD970}.Release|Any CPU.ActiveCfg = Release|Any CPU
		{DA70F4AA-9211-4D88-B19B-A579FAFFD970}.Release|Any CPU.Build.0 = Release|Any CPU
		{922E99EC-2A6C-40C3-9EC5-7A0CF7935D65}.Debug|Any CPU.ActiveCfg = Debug|Any CPU
		{922E99EC-2A6C-40C3-9EC5-7A0CF7935D65}.Debug|Any CPU.Build.0 = Debug|Any CPU
		{922E99EC-2A6C-40C3-9EC5-7A0CF7935D65}.Release|Any CPU.ActiveCfg = Release|Any CPU
		{922E99EC-2A6C-40C3-9EC5-7A0CF7935D65}.Release|Any CPU.Build.0 = Release|Any CPU
		{16877B9A-436F-4D55-81A2-5DAFC6BB1264}.Debug|Any CPU.ActiveCfg = Debug|Any CPU
		{16877B9A-436F-4D55-81A2-5DAFC6BB1264}.Debug|Any CPU.Build.0 = Debug|Any CPU
		{16877B9A-436F-4D55-81A2-5DAFC6BB1264}.Release|Any CPU.ActiveCfg = Release|Any CPU
		{16877B9A-436F-4D55-81A2-5DAFC6BB1264}.Release|Any CPU.Build.0 = Release|Any CPU
		{837FE17D-12CC-4976-96FD-06A97FD4DFBA}.Debug|Any CPU.ActiveCfg = Debug|Any CPU
		{837FE17D-12CC-4976-96FD-06A97FD4DFBA}.Debug|Any CPU.Build.0 = Debug|Any CPU
		{837FE17D-12CC-4976-96FD-06A97FD4DFBA}.Release|Any CPU.ActiveCfg = Release|Any CPU
		{837FE17D-12CC-4976-96FD-06A97FD4DFBA}.Release|Any CPU.Build.0 = Release|Any CPU
		{92977BCF-9772-4B98-8343-4FD3928A87FB}.Debug|Any CPU.ActiveCfg = Debug|Any CPU
		{92977BCF-9772-4B98-8343-4FD3928A87FB}.Debug|Any CPU.Build.0 = Debug|Any CPU
		{92977BCF-9772-4B98-8343-4FD3928A87FB}.Release|Any CPU.ActiveCfg = Release|Any CPU
		{92977BCF-9772-4B98-8343-4FD3928A87FB}.Release|Any CPU.Build.0 = Release|Any CPU
		{F9EB9087-2D28-4E4C-BA62-F53B062C4AFE}.Debug|Any CPU.ActiveCfg = Debug|Any CPU
		{F9EB9087-2D28-4E4C-BA62-F53B062C4AFE}.Debug|Any CPU.Build.0 = Debug|Any CPU
		{F9EB9087-2D28-4E4C-BA62-F53B062C4AFE}.Release|Any CPU.ActiveCfg = Release|Any CPU
		{F9EB9087-2D28-4E4C-BA62-F53B062C4AFE}.Release|Any CPU.Build.0 = Release|Any CPU
		{86BE24D7-2AAF-46CE-8E1D-3FF6EDDFC51A}.Debug|Any CPU.ActiveCfg = Debug|Any CPU
		{86BE24D7-2AAF-46CE-8E1D-3FF6EDDFC51A}.Debug|Any CPU.Build.0 = Debug|Any CPU
		{86BE24D7-2AAF-46CE-8E1D-3FF6EDDFC51A}.Release|Any CPU.ActiveCfg = Release|Any CPU
		{86BE24D7-2AAF-46CE-8E1D-3FF6EDDFC51A}.Release|Any CPU.Build.0 = Release|Any CPU
		{53087549-AB11-4D3C-8337-4530F87D1110}.Debug|Any CPU.ActiveCfg = Debug|Any CPU
		{53087549-AB11-4D3C-8337-4530F87D1110}.Debug|Any CPU.Build.0 = Debug|Any CPU
		{53087549-AB11-4D3C-8337-4530F87D1110}.Release|Any CPU.ActiveCfg = Release|Any CPU
		{53087549-AB11-4D3C-8337-4530F87D1110}.Release|Any CPU.Build.0 = Release|Any CPU
		{16A2702E-17B7-4AB9-8495-4B1A6264D559}.Debug|Any CPU.ActiveCfg = Debug|Any CPU
		{16A2702E-17B7-4AB9-8495-4B1A6264D559}.Debug|Any CPU.Build.0 = Debug|Any CPU
		{16A2702E-17B7-4AB9-8495-4B1A6264D559}.Release|Any CPU.ActiveCfg = Release|Any CPU
		{16A2702E-17B7-4AB9-8495-4B1A6264D559}.Release|Any CPU.Build.0 = Release|Any CPU
		{72730EBA-4BE1-446E-9402-410AD22E445A}.Debug|Any CPU.ActiveCfg = Debug|Any CPU
		{72730EBA-4BE1-446E-9402-410AD22E445A}.Debug|Any CPU.Build.0 = Debug|Any CPU
		{72730EBA-4BE1-446E-9402-410AD22E445A}.Release|Any CPU.ActiveCfg = Release|Any CPU
		{72730EBA-4BE1-446E-9402-410AD22E445A}.Release|Any CPU.Build.0 = Release|Any CPU
		{5474404F-A7EC-4151-AC67-BA52AB0B37F2}.Debug|Any CPU.ActiveCfg = Debug|Any CPU
		{5474404F-A7EC-4151-AC67-BA52AB0B37F2}.Debug|Any CPU.Build.0 = Debug|Any CPU
		{5474404F-A7EC-4151-AC67-BA52AB0B37F2}.Release|Any CPU.ActiveCfg = Release|Any CPU
		{5474404F-A7EC-4151-AC67-BA52AB0B37F2}.Release|Any CPU.Build.0 = Release|Any CPU
		{8AC8A5E8-4019-4D32-97B3-7D985D2E531A}.Debug|Any CPU.ActiveCfg = Debug|Any CPU
		{8AC8A5E8-4019-4D32-97B3-7D985D2E531A}.Debug|Any CPU.Build.0 = Debug|Any CPU
		{8AC8A5E8-4019-4D32-97B3-7D985D2E531A}.Release|Any CPU.ActiveCfg = Release|Any CPU
		{8AC8A5E8-4019-4D32-97B3-7D985D2E531A}.Release|Any CPU.Build.0 = Release|Any CPU
		{5F43AD69-C3DE-4C72-AAEC-CA3DDD29A511}.Debug|Any CPU.ActiveCfg = Debug|Any CPU
		{5F43AD69-C3DE-4C72-AAEC-CA3DDD29A511}.Debug|Any CPU.Build.0 = Debug|Any CPU
		{5F43AD69-C3DE-4C72-AAEC-CA3DDD29A511}.Release|Any CPU.ActiveCfg = Release|Any CPU
		{5F43AD69-C3DE-4C72-AAEC-CA3DDD29A511}.Release|Any CPU.Build.0 = Release|Any CPU
		{05A37025-29E8-445F-86B0-FD2F30F32C05}.Debug|Any CPU.ActiveCfg = Debug|Any CPU
		{05A37025-29E8-445F-86B0-FD2F30F32C05}.Debug|Any CPU.Build.0 = Debug|Any CPU
		{05A37025-29E8-445F-86B0-FD2F30F32C05}.Release|Any CPU.ActiveCfg = Release|Any CPU
		{05A37025-29E8-445F-86B0-FD2F30F32C05}.Release|Any CPU.Build.0 = Release|Any CPU
		{255FC9AF-C5EB-40BB-A185-24A37CF0037A}.Debug|Any CPU.ActiveCfg = Debug|Any CPU
		{255FC9AF-C5EB-40BB-A185-24A37CF0037A}.Debug|Any CPU.Build.0 = Debug|Any CPU
		{255FC9AF-C5EB-40BB-A185-24A37CF0037A}.Release|Any CPU.ActiveCfg = Release|Any CPU
		{255FC9AF-C5EB-40BB-A185-24A37CF0037A}.Release|Any CPU.Build.0 = Release|Any CPU
		{330ABE0F-4DA8-49E2-8464-210EA065BCCC}.Debug|Any CPU.ActiveCfg = Debug|Any CPU
		{330ABE0F-4DA8-49E2-8464-210EA065BCCC}.Debug|Any CPU.Build.0 = Debug|Any CPU
		{330ABE0F-4DA8-49E2-8464-210EA065BCCC}.Release|Any CPU.ActiveCfg = Release|Any CPU
		{330ABE0F-4DA8-49E2-8464-210EA065BCCC}.Release|Any CPU.Build.0 = Release|Any CPU
		{3F9BA19E-61B8-4846-A50C-CE0F1DAE9C55}.Debug|Any CPU.ActiveCfg = Debug|Any CPU
		{3F9BA19E-61B8-4846-A50C-CE0F1DAE9C55}.Debug|Any CPU.Build.0 = Debug|Any CPU
		{3F9BA19E-61B8-4846-A50C-CE0F1DAE9C55}.Release|Any CPU.ActiveCfg = Release|Any CPU
		{3F9BA19E-61B8-4846-A50C-CE0F1DAE9C55}.Release|Any CPU.Build.0 = Release|Any CPU
		{524B8449-273F-4AE3-882E-D484138DBD8A}.Debug|Any CPU.ActiveCfg = Debug|Any CPU
		{524B8449-273F-4AE3-882E-D484138DBD8A}.Debug|Any CPU.Build.0 = Debug|Any CPU
		{524B8449-273F-4AE3-882E-D484138DBD8A}.Release|Any CPU.ActiveCfg = Release|Any CPU
		{524B8449-273F-4AE3-882E-D484138DBD8A}.Release|Any CPU.Build.0 = Release|Any CPU
		{96EE1CE4-B650-470F-AA38-AA9037440125}.Debug|Any CPU.ActiveCfg = Debug|Any CPU
		{96EE1CE4-B650-470F-AA38-AA9037440125}.Debug|Any CPU.Build.0 = Debug|Any CPU
		{96EE1CE4-B650-470F-AA38-AA9037440125}.Release|Any CPU.ActiveCfg = Release|Any CPU
		{96EE1CE4-B650-470F-AA38-AA9037440125}.Release|Any CPU.Build.0 = Release|Any CPU
		{9581829C-E458-496A-9DF6-5489B17888F0}.Debug|Any CPU.ActiveCfg = Debug|Any CPU
		{9581829C-E458-496A-9DF6-5489B17888F0}.Debug|Any CPU.Build.0 = Debug|Any CPU
		{9581829C-E458-496A-9DF6-5489B17888F0}.Release|Any CPU.ActiveCfg = Release|Any CPU
		{9581829C-E458-496A-9DF6-5489B17888F0}.Release|Any CPU.Build.0 = Release|Any CPU
		{77210036-7054-455B-8331-D84CBC69F6DA}.Debug|Any CPU.ActiveCfg = Debug|Any CPU
		{77210036-7054-455B-8331-D84CBC69F6DA}.Debug|Any CPU.Build.0 = Debug|Any CPU
		{77210036-7054-455B-8331-D84CBC69F6DA}.Release|Any CPU.ActiveCfg = Release|Any CPU
		{77210036-7054-455B-8331-D84CBC69F6DA}.Release|Any CPU.Build.0 = Release|Any CPU
	EndGlobalSection
	GlobalSection(SolutionProperties) = preSolution
		HideSolutionNode = FALSE
	EndGlobalSection
	GlobalSection(ExtensibilityGlobals) = postSolution
		SolutionGuid = {EF349EF2-76C6-460D-ADB4-C63823FFD6D5}
	EndGlobalSection
EndGlobal
